<?xml version="1.0" encoding="utf-8"?>
<Project ToolsVersion="4.0" xmlns="http://schemas.microsoft.com/developer/msbuild/2003">
  <ItemGroup>
    <ClCompile Include="..\..\Source\Backgrounds.cpp" />
    <ClCompile Include="..\..\Source\BirdmanTheGame.cpp" />
    <ClCompile Include="..\..\Source\BlockPool.cpp" />
    <ClCompile Include="..\..\Source\GameFont.cpp" />
    <ClCompile Include="..\..\Source\GameObject.cpp" />
    <ClCompile Include="..\..\Source\LevelBlocks.cpp" />
    <ClCompile Include="..\..\Source\main.cpp" />
    <ClCompile Include="..\..\Source\Player.cpp" />
    <ClCompile Include="..\..\Source\SceneManager.cpp" />
    <ClCompile Include="..\..\Source\StateMachine.cpp" />
    <ClCompile Include="..\..\Source\stdafx.cpp" />
  </ItemGroup>
  <ItemGroup>
<<<<<<< HEAD
    <ClInclude Include="..\..\Source\BirdmanTheGame.h">
      <Filter>Header Files</Filter>
    </ClInclude>
    <ClInclude Include="..\..\Source\stdafx.h">
      <Filter>Header Files</Filter>
    </ClInclude>
    <ClInclude Include="..\..\Source\targetver.h">
      <Filter>Header Files</Filter>
    </ClInclude>
    <ClInclude Include="..\..\Source\GameFont.h">
      <Filter>Header Files</Filter>
    </ClInclude>
    <ClInclude Include="..\..\Source\SceneManager.h">
      <Filter>Header Files</Filter>
    </ClInclude>
    <ClInclude Include="..\..\Source\StateMachine.h">
      <Filter>Header Files</Filter>
    </ClInclude>
    <ClInclude Include="..\..\Source\GameObject.h">
      <Filter>Header Files</Filter>
    </ClInclude>
    <ClInclude Include="..\..\Source\Player.h">
      <Filter>Header Files</Filter>
    </ClInclude>
    <ClInclude Include="..\..\Source\LevelBlocks.h">
      <Filter>Header Files</Filter>
    </ClInclude>
    <ClInclude Include="..\..\Source\BlockPool.h">
      <Filter>Header Files</Filter>
    </ClInclude>
    <ClInclude Include="..\..\Source\Backgrounds.h">
      <Filter>Header Files</Filter>
    </ClInclude>
  </ItemGroup>
  <ItemGroup>
    <ClCompile Include="..\..\Source\main.cpp">
      <Filter>Source Files</Filter>
    </ClCompile>
    <ClCompile Include="..\..\Source\BirdmanTheGame.cpp">
      <Filter>Source Files</Filter>
    </ClCompile>
    <ClCompile Include="..\..\Source\stdafx.cpp">
      <Filter>Source Files</Filter>
    </ClCompile>
    <ClCompile Include="..\..\Source\GameFont.cpp">
      <Filter>Source Files</Filter>
    </ClCompile>
    <ClCompile Include="..\..\Source\SceneManager.cpp">
      <Filter>Source Files</Filter>
    </ClCompile>
    <ClCompile Include="..\..\Source\StateMachine.cpp">
      <Filter>Source Files</Filter>
    </ClCompile>
    <ClCompile Include="..\..\Source\GameObject.cpp">
      <Filter>Source Files</Filter>
    </ClCompile>
    <ClCompile Include="..\..\Source\Player.cpp">
      <Filter>Source Files</Filter>
    </ClCompile>
    <ClCompile Include="..\..\Source\LevelBlocks.cpp">
      <Filter>Source Files</Filter>
    </ClCompile>
    <ClCompile Include="..\..\Source\BlockPool.cpp">
      <Filter>Source Files</Filter>
    </ClCompile>
    <ClCompile Include="..\..\Source\Backgrounds.cpp">
      <Filter>Source Files</Filter>
    </ClCompile>
=======
    <ClInclude Include="..\..\Source\Backgrounds.h" />
    <ClInclude Include="..\..\Source\BirdmanTheGame.h" />
    <ClInclude Include="..\..\Source\BlockPool.h" />
    <ClInclude Include="..\..\Source\GameFont.h" />
    <ClInclude Include="..\..\Source\GameObject.h" />
    <ClInclude Include="..\..\Source\LevelBlocks.h" />
    <ClInclude Include="..\..\Source\Player.h" />
    <ClInclude Include="..\..\Source\SceneManager.h" />
    <ClInclude Include="..\..\Source\StateMachine.h" />
    <ClInclude Include="..\..\Source\stdafx.h" />
    <ClInclude Include="..\..\Source\targetver.h" />
>>>>>>> 57e8df50650ac87eb42c37af1becb25cd9858b76
  </ItemGroup>
  <ItemGroup>
    <Library Include="..\..\Libs\irrKlang\lib\irrKlang.lib" />
  </ItemGroup>
</Project>