<?xml version="1.0" encoding="utf-8"?>
<Project ToolsVersion="4.0" xmlns="http://schemas.microsoft.com/developer/msbuild/2003">
  <ItemGroup>
    <ClCompile Include="..\..\Source\Backgrounds.cpp" />
    <ClCompile Include="..\..\Source\BirdmanTheGame.cpp" />
    <ClCompile Include="..\..\Source\BlockPool.cpp" />
    <ClCompile Include="..\..\Source\GameFont.cpp" />
    <ClCompile Include="..\..\Source\GameObject.cpp" />
    <ClCompile Include="..\..\Source\LevelBlocks.cpp" />
    <ClCompile Include="..\..\Source\main.cpp" />
    <ClCompile Include="..\..\Source\Player.cpp" />
    <ClCompile Include="..\..\Source\SceneManager.cpp" />
    <ClCompile Include="..\..\Source\StateMachine.cpp" />
    <ClCompile Include="..\..\Source\stdafx.cpp" />
  </ItemGroup>
  <ItemGroup>
    <ClInclude Include="..\..\Source\Backgrounds.h" />
    <ClInclude Include="..\..\Source\BirdmanTheGame.h" />
    <ClInclude Include="..\..\Source\BlockPool.h" />
    <ClInclude Include="..\..\Source\GameFont.h" />
    <ClInclude Include="..\..\Source\GameObject.h" />
    <ClInclude Include="..\..\Source\LevelBlocks.h" />
    <ClInclude Include="..\..\Source\Player.h" />
    <ClInclude Include="..\..\Source\SceneManager.h" />
    <ClInclude Include="..\..\Source\StateMachine.h" />
    <ClInclude Include="..\..\Source\stdafx.h" />
    <ClInclude Include="..\..\Source\targetver.h" />
  </ItemGroup>
  <ItemGroup>
    <Library Include="..\..\Libs\irrKlang\lib\irrKlang.lib" />
  </ItemGroup>
</Project>